
Microsoft Visual Studio Solution File, Format Version 12.00
# Visual Studio Version 16
VisualStudioVersion = 16.0.33920.266
MinimumVisualStudioVersion = 10.0.40219.1
Project("{FAE04EC0-301F-11D3-BF4B-00C04F79EFBC}") = "LoadBackupAndRestore", "LoadBackupAndRestore\LoadBackupAndRestore.csproj", "{DBF61A60-4CB9-414C-AA61-B99781E0C73A}"
EndProject
Global
	GlobalSection(SolutionConfigurationPlatforms) = preSolution
		Debug|Any CPU = Debug|Any CPU
		Release|Any CPU = Release|Any CPU
	EndGlobalSection
	GlobalSection(ProjectConfigurationPlatforms) = postSolution
		{DBF61A60-4CB9-414C-AA61-B99781E0C73A}.Debug|Any CPU.ActiveCfg = Debug|Any CPU
		{DBF61A60-4CB9-414C-AA61-B99781E0C73A}.Debug|Any CPU.Build.0 = Debug|Any CPU
		{DBF61A60-4CB9-414C-AA61-B99781E0C73A}.Release|Any CPU.ActiveCfg = Release|Any CPU
		{DBF61A60-4CB9-414C-AA61-B99781E0C73A}.Release|Any CPU.Build.0 = Release|Any CPU
	EndGlobalSection
	GlobalSection(SolutionProperties) = preSolution
		HideSolutionNode = FALSE
	EndGlobalSection
	GlobalSection(ExtensibilityGlobals) = postSolution
		SolutionGuid = {D260D461-24E3-4791-94A6-35F4B3BC860C}
	EndGlobalSection
EndGlobal
